
Microsoft Visual Studio Solution File, Format Version 12.00
# Visual Studio Version 17
VisualStudioVersion = 17.4.33103.184
MinimumVisualStudioVersion = 10.0.40219.1
Project("{FAE04EC0-301F-11D3-BF4B-00C04F79EFBC}") = "Storing Numbers", "Storing Numbers\Storing Numbers.csproj", "{10A98A03-D5B4-4CC9-A8CD-8BEEA8CD91B8}"
EndProject
Global
	GlobalSection(SolutionConfigurationPlatforms) = preSolution
		Debug|Any CPU = Debug|Any CPU
		Release|Any CPU = Release|Any CPU
	EndGlobalSection
	GlobalSection(ProjectConfigurationPlatforms) = postSolution
		{10A98A03-D5B4-4CC9-A8CD-8BEEA8CD91B8}.Debug|Any CPU.ActiveCfg = Debug|Any CPU
		{10A98A03-D5B4-4CC9-A8CD-8BEEA8CD91B8}.Debug|Any CPU.Build.0 = Debug|Any CPU
		{10A98A03-D5B4-4CC9-A8CD-8BEEA8CD91B8}.Release|Any CPU.ActiveCfg = Release|Any CPU
		{10A98A03-D5B4-4CC9-A8CD-8BEEA8CD91B8}.Release|Any CPU.Build.0 = Release|Any CPU
	EndGlobalSection
	GlobalSection(SolutionProperties) = preSolution
		HideSolutionNode = FALSE
	EndGlobalSection
	GlobalSection(ExtensibilityGlobals) = postSolution
		SolutionGuid = {1DF1602C-69F1-4481-A7AE-39B34F30CA8D}
	EndGlobalSection
EndGlobal
